
Microsoft Visual Studio Solution File, Format Version 12.00
Project("{FAE04EC0-301F-11D3-BF4B-00C04F79EFBC}") = "highload", "highload\highload.csproj", "{3DE4A6FD-053E-450B-9547-E430BC21F6FF}"
EndProject
Global
	GlobalSection(SolutionConfigurationPlatforms) = preSolution
		Debug|Any CPU = Debug|Any CPU
		Release|Any CPU = Release|Any CPU
	EndGlobalSection
	GlobalSection(ProjectConfigurationPlatforms) = postSolution
		{3DE4A6FD-053E-450B-9547-E430BC21F6FF}.Debug|Any CPU.ActiveCfg = Debug|Any CPU
		{3DE4A6FD-053E-450B-9547-E430BC21F6FF}.Debug|Any CPU.Build.0 = Debug|Any CPU
		{3DE4A6FD-053E-450B-9547-E430BC21F6FF}.Release|Any CPU.ActiveCfg = Release|Any CPU
		{3DE4A6FD-053E-450B-9547-E430BC21F6FF}.Release|Any CPU.Build.0 = Release|Any CPU
	EndGlobalSection
EndGlobal
